
Microsoft Visual Studio Solution File, Format Version 12.00
# Visual Studio 15
VisualStudioVersion = 15.0.27130.2010
MinimumVisualStudioVersion = 10.0.40219.1
Project("{FAE04EC0-301F-11D3-BF4B-00C04F79EFBC}") = "Instagram Profile Photo Revealer", "Instagram Profile Photo Revealer\Instagram Profile Photo Revealer.csproj", "{13D4BFC7-5010-47E6-BC34-991485CCE7CE}"
EndProject
Global
	GlobalSection(SolutionConfigurationPlatforms) = preSolution
		Debug|Any CPU = Debug|Any CPU
		Release|Any CPU = Release|Any CPU
	EndGlobalSection
	GlobalSection(ProjectConfigurationPlatforms) = postSolution
		{13D4BFC7-5010-47E6-BC34-991485CCE7CE}.Debug|Any CPU.ActiveCfg = Debug|Any CPU
		{13D4BFC7-5010-47E6-BC34-991485CCE7CE}.Debug|Any CPU.Build.0 = Debug|Any CPU
		{13D4BFC7-5010-47E6-BC34-991485CCE7CE}.Release|Any CPU.ActiveCfg = Release|Any CPU
		{13D4BFC7-5010-47E6-BC34-991485CCE7CE}.Release|Any CPU.Build.0 = Release|Any CPU
	EndGlobalSection
	GlobalSection(SolutionProperties) = preSolution
		HideSolutionNode = FALSE
	EndGlobalSection
	GlobalSection(ExtensibilityGlobals) = postSolution
		SolutionGuid = {25DE7718-C20A-46A4-831D-C7D1E44C9775}
	EndGlobalSection
EndGlobal
